
Microsoft Visual Studio Solution File, Format Version 12.00
# Visual Studio Version 16
VisualStudioVersion = 16.0.31205.134
MinimumVisualStudioVersion = 10.0.40219.1
Project("{FAE04EC0-301F-11D3-BF4B-00C04F79EFBC}") = "TeachGetTwseStockList", "TeachGetTwseStockList\TeachGetTwseStockList.csproj", "{AD075A7D-D575-45B2-AC18-C74C4C0AD6A7}"
EndProject
Global
	GlobalSection(SolutionConfigurationPlatforms) = preSolution
		Debug|Any CPU = Debug|Any CPU
		Release|Any CPU = Release|Any CPU
	EndGlobalSection
	GlobalSection(ProjectConfigurationPlatforms) = postSolution
		{AD075A7D-D575-45B2-AC18-C74C4C0AD6A7}.Debug|Any CPU.ActiveCfg = Debug|Any CPU
		{AD075A7D-D575-45B2-AC18-C74C4C0AD6A7}.Debug|Any CPU.Build.0 = Debug|Any CPU
		{AD075A7D-D575-45B2-AC18-C74C4C0AD6A7}.Release|Any CPU.ActiveCfg = Release|Any CPU
		{AD075A7D-D575-45B2-AC18-C74C4C0AD6A7}.Release|Any CPU.Build.0 = Release|Any CPU
	EndGlobalSection
	GlobalSection(SolutionProperties) = preSolution
		HideSolutionNode = FALSE
	EndGlobalSection
	GlobalSection(ExtensibilityGlobals) = postSolution
		SolutionGuid = {70BBC64A-BDAA-467B-9A10-0EB207FF53A8}
	EndGlobalSection
EndGlobal
